
Microsoft Visual Studio Solution File, Format Version 12.00
# Visual Studio Version 16
VisualStudioVersion = 16.0.31729.503
MinimumVisualStudioVersion = 10.0.40219.1
Project("{FAE04EC0-301F-11D3-BF4B-00C04F79EFBC}") = "FooBarAPI", "FooBarAPI\FooBarAPI.csproj", "{B233970B-7EC7-4775-A22A-FBDC79A25170}"
EndProject
Global
	GlobalSection(SolutionConfigurationPlatforms) = preSolution
		Debug|Any CPU = Debug|Any CPU
		Release|Any CPU = Release|Any CPU
	EndGlobalSection
	GlobalSection(ProjectConfigurationPlatforms) = postSolution
		{B233970B-7EC7-4775-A22A-FBDC79A25170}.Debug|Any CPU.ActiveCfg = Debug|Any CPU
		{B233970B-7EC7-4775-A22A-FBDC79A25170}.Debug|Any CPU.Build.0 = Debug|Any CPU
		{B233970B-7EC7-4775-A22A-FBDC79A25170}.Release|Any CPU.ActiveCfg = Release|Any CPU
		{B233970B-7EC7-4775-A22A-FBDC79A25170}.Release|Any CPU.Build.0 = Release|Any CPU
	EndGlobalSection
	GlobalSection(SolutionProperties) = preSolution
		HideSolutionNode = FALSE
	EndGlobalSection
	GlobalSection(ExtensibilityGlobals) = postSolution
		SolutionGuid = {846701A5-F51D-4681-B3F1-C857DD94162E}
	EndGlobalSection
EndGlobal
